
Microsoft Visual Studio Solution File, Format Version 12.00
# Visual Studio Version 17
VisualStudioVersion = 17.8.34309.116
MinimumVisualStudioVersion = 10.0.40219.1
Project("{9A19103F-16F7-4668-BE54-9A1E7A4F7556}") = "RAFT", "RAFT\RAFT.csproj", "{A70E0FFB-E76A-4746-88A8-08EC39689A1E}"
EndProject
Project("{9A19103F-16F7-4668-BE54-9A1E7A4F7556}") = "RAFT_Test", "RAFT_Test\RAFT_Test.csproj", "{EAE91581-CCA6-4B26-BC67-DD0BB88C9C3E}"
EndProject
Project("{FAE04EC0-301F-11D3-BF4B-00C04F79EFBC}") = "Raft_Gateway", "Raft_Gateway\Raft_Gateway.csproj", "{1503ADBB-44B5-4E53-AAD6-791F81050B39}"
EndProject
Project("{FAE04EC0-301F-11D3-BF4B-00C04F79EFBC}") = "Raft_Node", "Raft_Node\Raft_Node.csproj", "{F4570B63-FAD7-4E11-82A4-98F1E1BECF57}"
EndProject
Global
	GlobalSection(SolutionConfigurationPlatforms) = preSolution
		Debug|Any CPU = Debug|Any CPU
		Release|Any CPU = Release|Any CPU
	EndGlobalSection
	GlobalSection(ProjectConfigurationPlatforms) = postSolution
		{A70E0FFB-E76A-4746-88A8-08EC39689A1E}.Debug|Any CPU.ActiveCfg = Debug|Any CPU
		{A70E0FFB-E76A-4746-88A8-08EC39689A1E}.Debug|Any CPU.Build.0 = Debug|Any CPU
		{A70E0FFB-E76A-4746-88A8-08EC39689A1E}.Release|Any CPU.ActiveCfg = Release|Any CPU
		{A70E0FFB-E76A-4746-88A8-08EC39689A1E}.Release|Any CPU.Build.0 = Release|Any CPU
		{EAE91581-CCA6-4B26-BC67-DD0BB88C9C3E}.Debug|Any CPU.ActiveCfg = Debug|Any CPU
		{EAE91581-CCA6-4B26-BC67-DD0BB88C9C3E}.Debug|Any CPU.Build.0 = Debug|Any CPU
		{EAE91581-CCA6-4B26-BC67-DD0BB88C9C3E}.Release|Any CPU.ActiveCfg = Release|Any CPU
		{EAE91581-CCA6-4B26-BC67-DD0BB88C9C3E}.Release|Any CPU.Build.0 = Release|Any CPU
		{1503ADBB-44B5-4E53-AAD6-791F81050B39}.Debug|Any CPU.ActiveCfg = Debug|Any CPU
		{1503ADBB-44B5-4E53-AAD6-791F81050B39}.Debug|Any CPU.Build.0 = Debug|Any CPU
		{1503ADBB-44B5-4E53-AAD6-791F81050B39}.Release|Any CPU.ActiveCfg = Release|Any CPU
		{1503ADBB-44B5-4E53-AAD6-791F81050B39}.Release|Any CPU.Build.0 = Release|Any CPU
		{F4570B63-FAD7-4E11-82A4-98F1E1BECF57}.Debug|Any CPU.ActiveCfg = Debug|Any CPU
		{F4570B63-FAD7-4E11-82A4-98F1E1BECF57}.Debug|Any CPU.Build.0 = Debug|Any CPU
		{F4570B63-FAD7-4E11-82A4-98F1E1BECF57}.Release|Any CPU.ActiveCfg = Release|Any CPU
		{F4570B63-FAD7-4E11-82A4-98F1E1BECF57}.Release|Any CPU.Build.0 = Release|Any CPU
	EndGlobalSection
	GlobalSection(SolutionProperties) = preSolution
		HideSolutionNode = FALSE
	EndGlobalSection
	GlobalSection(ExtensibilityGlobals) = postSolution
		SolutionGuid = {480D7E48-FDF4-4CD3-9001-B2BC3B799A7B}
	EndGlobalSection
EndGlobal
